
Microsoft Visual Studio Solution File, Format Version 12.00
# Visual Studio 2012
Project("{FAE04EC0-301F-11D3-BF4B-00C04F79EFBC}") = "atcsvc", "atcsvc\atcsvc.csproj", "{B345229F-C31C-4037-9202-62D1397C092D}"
EndProject
Project("{FAE04EC0-301F-11D3-BF4B-00C04F79EFBC}") = "atc.interfaces", "atc.interfaces\atc.interfaces.csproj", "{960ACC43-489D-4C26-90A5-144E5AD4CFEB}"
EndProject
Project("{FAE04EC0-301F-11D3-BF4B-00C04F79EFBC}") = "atc.tests", "atc.tests\atc.tests.csproj", "{1852D55A-25F0-4E19-980B-587A11DEBBD2}"
EndProject
Global
	GlobalSection(SolutionConfigurationPlatforms) = preSolution
		Debug|Any CPU = Debug|Any CPU
		Release|Any CPU = Release|Any CPU
	EndGlobalSection
	GlobalSection(ProjectConfigurationPlatforms) = postSolution
		{B345229F-C31C-4037-9202-62D1397C092D}.Debug|Any CPU.ActiveCfg = Debug|Any CPU
		{B345229F-C31C-4037-9202-62D1397C092D}.Debug|Any CPU.Build.0 = Debug|Any CPU
		{B345229F-C31C-4037-9202-62D1397C092D}.Release|Any CPU.ActiveCfg = Release|Any CPU
		{B345229F-C31C-4037-9202-62D1397C092D}.Release|Any CPU.Build.0 = Release|Any CPU
		{960ACC43-489D-4C26-90A5-144E5AD4CFEB}.Debug|Any CPU.ActiveCfg = Debug|Any CPU
		{960ACC43-489D-4C26-90A5-144E5AD4CFEB}.Debug|Any CPU.Build.0 = Debug|Any CPU
		{960ACC43-489D-4C26-90A5-144E5AD4CFEB}.Release|Any CPU.ActiveCfg = Release|Any CPU
		{960ACC43-489D-4C26-90A5-144E5AD4CFEB}.Release|Any CPU.Build.0 = Release|Any CPU
		{1852D55A-25F0-4E19-980B-587A11DEBBD2}.Debug|Any CPU.ActiveCfg = Debug|Any CPU
		{1852D55A-25F0-4E19-980B-587A11DEBBD2}.Debug|Any CPU.Build.0 = Debug|Any CPU
		{1852D55A-25F0-4E19-980B-587A11DEBBD2}.Release|Any CPU.ActiveCfg = Release|Any CPU
		{1852D55A-25F0-4E19-980B-587A11DEBBD2}.Release|Any CPU.Build.0 = Release|Any CPU
	EndGlobalSection
EndGlobal
