Microsoft Visual Studio Solution File, Format Version 12.00
# Visual Studio 15
VisualStudioVersion = 15.0.27130.2027
MinimumVisualStudioVersion = 10.0.40219.1
Project("{FAE04EC0-301F-11D3-BF4B-00C04F79EFBC}") = "atcsvc", "atcsvc\atcsvc.csproj", "{B345229F-C31C-4037-9202-62D1397C092D}"
EndProject
Project("{FAE04EC0-301F-11D3-BF4B-00C04F79EFBC}") = "atc.interfaces", "atc.interfaces\atc.interfaces.csproj", "{960ACC43-489D-4C26-90A5-144E5AD4CFEB}"
EndProject
Project("{FAE04EC0-301F-11D3-BF4B-00C04F79EFBC}") = "atc.tests", "atc.tests\atc.tests.csproj", "{1852D55A-25F0-4E19-980B-587A11DEBBD2}"
EndProject
Project("{FAE04EC0-301F-11D3-BF4B-00C04F79EFBC}") = "airplanesvc", "airplanesvc\airplanesvc.csproj", "{4C1563AD-AC5F-4E05-BCD7-89D2D8F65C2D}"
EndProject
Project("{FAE04EC0-301F-11D3-BF4B-00C04F79EFBC}") = "CustomOutputs", "CustomOutputs\CustomOutputs.csproj", "{EB153AF4-AACF-4CBC-8CE0-C9A50EE63ADF}"
EndProject
Project("{FAE04EC0-301F-11D3-BF4B-00C04F79EFBC}") = "atc.utilities", "atc.utilities\atc.utilities.csproj", "{FB337AFC-3290-4678-BE5F-8451B7FD6C13}"
EndProject
Project("{FAE04EC0-301F-11D3-BF4B-00C04F79EFBC}") = "trafficgen", "trafficgen\trafficgen.csproj", "{1382E41B-B82C-4893-BB40-C12CC8A8CB61}"
EndProject
Global
	GlobalSection(SolutionConfigurationPlatforms) = preSolution
		Debug|Any CPU = Debug|Any CPU
		Release|Any CPU = Release|Any CPU
	EndGlobalSection
	GlobalSection(ProjectConfigurationPlatforms) = postSolution
		{B345229F-C31C-4037-9202-62D1397C092D}.Debug|Any CPU.ActiveCfg = Debug|Any CPU
		{B345229F-C31C-4037-9202-62D1397C092D}.Debug|Any CPU.Build.0 = Debug|Any CPU
		{B345229F-C31C-4037-9202-62D1397C092D}.Release|Any CPU.ActiveCfg = Release|Any CPU
		{B345229F-C31C-4037-9202-62D1397C092D}.Release|Any CPU.Build.0 = Release|Any CPU
		{960ACC43-489D-4C26-90A5-144E5AD4CFEB}.Debug|Any CPU.ActiveCfg = Debug|Any CPU
		{960ACC43-489D-4C26-90A5-144E5AD4CFEB}.Debug|Any CPU.Build.0 = Debug|Any CPU
		{960ACC43-489D-4C26-90A5-144E5AD4CFEB}.Release|Any CPU.ActiveCfg = Release|Any CPU
		{960ACC43-489D-4C26-90A5-144E5AD4CFEB}.Release|Any CPU.Build.0 = Release|Any CPU
		{1852D55A-25F0-4E19-980B-587A11DEBBD2}.Debug|Any CPU.ActiveCfg = Debug|Any CPU
		{1852D55A-25F0-4E19-980B-587A11DEBBD2}.Debug|Any CPU.Build.0 = Debug|Any CPU
		{1852D55A-25F0-4E19-980B-587A11DEBBD2}.Release|Any CPU.ActiveCfg = Release|Any CPU
		{1852D55A-25F0-4E19-980B-587A11DEBBD2}.Release|Any CPU.Build.0 = Release|Any CPU
		{4C1563AD-AC5F-4E05-BCD7-89D2D8F65C2D}.Debug|Any CPU.ActiveCfg = Debug|Any CPU
		{4C1563AD-AC5F-4E05-BCD7-89D2D8F65C2D}.Debug|Any CPU.Build.0 = Debug|Any CPU
		{4C1563AD-AC5F-4E05-BCD7-89D2D8F65C2D}.Release|Any CPU.ActiveCfg = Release|Any CPU
		{4C1563AD-AC5F-4E05-BCD7-89D2D8F65C2D}.Release|Any CPU.Build.0 = Release|Any CPU
		{EB153AF4-AACF-4CBC-8CE0-C9A50EE63ADF}.Debug|Any CPU.ActiveCfg = Debug|Any CPU
		{EB153AF4-AACF-4CBC-8CE0-C9A50EE63ADF}.Debug|Any CPU.Build.0 = Debug|Any CPU
		{EB153AF4-AACF-4CBC-8CE0-C9A50EE63ADF}.Release|Any CPU.ActiveCfg = Release|Any CPU
		{EB153AF4-AACF-4CBC-8CE0-C9A50EE63ADF}.Release|Any CPU.Build.0 = Release|Any CPU
		{FB337AFC-3290-4678-BE5F-8451B7FD6C13}.Debug|Any CPU.ActiveCfg = Debug|Any CPU
		{FB337AFC-3290-4678-BE5F-8451B7FD6C13}.Debug|Any CPU.Build.0 = Debug|Any CPU
		{FB337AFC-3290-4678-BE5F-8451B7FD6C13}.Release|Any CPU.ActiveCfg = Release|Any CPU
		{FB337AFC-3290-4678-BE5F-8451B7FD6C13}.Release|Any CPU.Build.0 = Release|Any CPU
		{1382E41B-B82C-4893-BB40-C12CC8A8CB61}.Debug|Any CPU.ActiveCfg = Debug|Any CPU
		{1382E41B-B82C-4893-BB40-C12CC8A8CB61}.Debug|Any CPU.Build.0 = Debug|Any CPU
		{1382E41B-B82C-4893-BB40-C12CC8A8CB61}.Release|Any CPU.ActiveCfg = Release|Any CPU
		{1382E41B-B82C-4893-BB40-C12CC8A8CB61}.Release|Any CPU.Build.0 = Release|Any CPU
	EndGlobalSection
EndGlobal
